// !$*UTF8*$!
{
	archiveVersion = 1;
	classes = {
	};
	objectVersion = 55;
	objects = {

/* Begin PBXBuildFile section */
		4A00C74D28255128009DB657 /* RayCastingVisionCone.swift in Sources */ = {isa = PBXBuildFile; fileRef = 4A00C74C28255128009DB657 /* RayCastingVisionCone.swift */; };
		4A00C74F2825580D009DB657 /* TestScene3.swift in Sources */ = {isa = PBXBuildFile; fileRef = 4A00C74E2825580D009DB657 /* TestScene3.swift */; };
		4A00C7512825719C009DB657 /* Swipe Functions.swift in Sources */ = {isa = PBXBuildFile; fileRef = 4A00C7502825719C009DB657 /* Swipe Functions.swift */; };
		4A1B448E2822B274001DABEE /* ControllerRelatedGlobalVariables.swift in Sources */ = {isa = PBXBuildFile; fileRef = 4A1B448D2822B274001DABEE /* ControllerRelatedGlobalVariables.swift */; };
		4A1B44962822B809001DABEE /* TestScene2.swift in Sources */ = {isa = PBXBuildFile; fileRef = 4A1B44952822B809001DABEE /* TestScene2.swift */; };
		4A2159FA283FD60C000F237C /* GuardMatrixes.swift in Sources */ = {isa = PBXBuildFile; fileRef = 4A2159F9283FD60C000F237C /* GuardMatrixes.swift */; };
		4A3A1B97284516010030BB48 /* GuardConoPiccolo.swift in Sources */ = {isa = PBXBuildFile; fileRef = 4A3A1B96284516010030BB48 /* GuardConoPiccolo.swift */; };
		4ABFC91E28327D6D00213CC9 /* GuardConoGrande.swift in Sources */ = {isa = PBXBuildFile; fileRef = 4ABFC91D28327D6D00213CC9 /* GuardConoGrande.swift */; };
		63A55F4528410B1D00A067A5 /* CharacterBox.swift in Sources */ = {isa = PBXBuildFile; fileRef = 63A55F4428410B1D00A067A5 /* CharacterBox.swift */; };
		63B9F6AB2833DA35008E62C1 /* GearCounter.swift in Sources */ = {isa = PBXBuildFile; fileRef = 63B9F6AA2833DA35008E62C1 /* GearCounter.swift */; };
		63B9F6AE283439FE008E62C1 /* Victorian Parlor Vintage Alternate_free.ttf in Resources */ = {isa = PBXBuildFile; fileRef = 63B9F6AD283439FE008E62C1 /* Victorian Parlor Vintage Alternate_free.ttf */; };
		6A0621F0283301AF0064BB97 /* CollectibleItems.swift in Sources */ = {isa = PBXBuildFile; fileRef = 6A0621EF283301AF0064BB97 /* CollectibleItems.swift */; };
		6A0621F228330FC80064BB97 /* CollisionsEnum.swift in Sources */ = {isa = PBXBuildFile; fileRef = 6A0621F128330FC80064BB97 /* CollisionsEnum.swift */; };
		6A2A7E992833F8E600D14EC0 /* Chest.swift in Sources */ = {isa = PBXBuildFile; fileRef = 6A2A7E982833F8E600D14EC0 /* Chest.swift */; };
		6A2A7E9C283457D600D14EC0 /* Intro.swift in Sources */ = {isa = PBXBuildFile; fileRef = 6A2A7E9B283457D600D14EC0 /* Intro.swift */; };
		6A2A7E9E28366BA900D14EC0 /* Lobby.swift in Sources */ = {isa = PBXBuildFile; fileRef = 6A2A7E9D28366BA900D14EC0 /* Lobby.swift */; };
		6A6A4D3E28226FAB003A76C5 /* GuardClass.swift in Sources */ = {isa = PBXBuildFile; fileRef = 6A6A4D3D28226FAB003A76C5 /* GuardClass.swift */; };
		6A6A4D412822BBEA003A76C5 /* DeltaFunctions.swift in Sources */ = {isa = PBXBuildFile; fileRef = 6A6A4D402822BBEA003A76C5 /* DeltaFunctions.swift */; };
		6AA31BDC282985A8002CCD47 /* StaticObject.swift in Sources */ = {isa = PBXBuildFile; fileRef = 6AA31BDB282985A8002CCD47 /* StaticObject.swift */; };
		6AA31BDF28298C17002CCD47 /* Lampione.swift in Sources */ = {isa = PBXBuildFile; fileRef = 6AA31BDE28298C17002CCD47 /* Lampione.swift */; };
		6AA31BE128298F87002CCD47 /* LightSwitch.swift in Sources */ = {isa = PBXBuildFile; fileRef = 6AA31BE028298F87002CCD47 /* LightSwitch.swift */; };
		6AA31BE32829911A002CCD47 /* LightProtocol.swift in Sources */ = {isa = PBXBuildFile; fileRef = 6AA31BE22829911A002CCD47 /* LightProtocol.swift */; };
		6AA31BE528299DE4002CCD47 /* UsableObject.swift in Sources */ = {isa = PBXBuildFile; fileRef = 6AA31BE428299DE4002CCD47 /* UsableObject.swift */; };
		6AACAB47282BF68B00B5E89B /* Matrixes.swift in Sources */ = {isa = PBXBuildFile; fileRef = 6AACAB46282BF68B00B5E89B /* Matrixes.swift */; };
		6AAE3F6A2837D907002917FB /* BushClass.swift in Sources */ = {isa = PBXBuildFile; fileRef = 6AAE3F692837D907002917FB /* BushClass.swift */; };
		6AAE3F6C2837D966002917FB /* VetrinaClass.swift in Sources */ = {isa = PBXBuildFile; fileRef = 6AAE3F6B2837D966002917FB /* VetrinaClass.swift */; };
		6AAE3F6E2837D9BF002917FB /* CassapancaClass.swift in Sources */ = {isa = PBXBuildFile; fileRef = 6AAE3F6D2837D9BF002917FB /* CassapancaClass.swift */; };
		6AAE3F71283A4270002917FB /* TavernaDoor.swift in Sources */ = {isa = PBXBuildFile; fileRef = 6AAE3F70283A4270002917FB /* TavernaDoor.swift */; };
		6AAE3F73283A4C23002917FB /* LuceTaverna.swift in Sources */ = {isa = PBXBuildFile; fileRef = 6AAE3F72283A4C23002917FB /* LuceTaverna.swift */; };
		6AAE3F75283BC46C002917FB /* Museum.swift in Sources */ = {isa = PBXBuildFile; fileRef = 6AAE3F74283BC46C002917FB /* Museum.swift */; };
		6AAE3F77283C1D27002917FB /* NextFloorObject.swift in Sources */ = {isa = PBXBuildFile; fileRef = 6AAE3F76283C1D27002917FB /* NextFloorObject.swift */; };
		6AAE3F79283C231B002917FB /* TestScene4.swift in Sources */ = {isa = PBXBuildFile; fileRef = 6AAE3F78283C231B002917FB /* TestScene4.swift */; };
		6AAE3F7B283D2F83002917FB /* LuceInterna.swift in Sources */ = {isa = PBXBuildFile; fileRef = 6AAE3F7A283D2F82002917FB /* LuceInterna.swift */; };
		6AAE3F7F283FC4C7002917FB /* grassFootsteps.mp3 in Resources */ = {isa = PBXBuildFile; fileRef = 6AAE3F7D283FC4C7002917FB /* grassFootsteps.mp3 */; };
		6AAE3F80283FC4C7002917FB /* footsteps.mp3 in Resources */ = {isa = PBXBuildFile; fileRef = 6AAE3F7E283FC4C7002917FB /* footsteps.mp3 */; };
		6AAE3F82283FC736002917FB /* SingleFootstep.mp3 in Resources */ = {isa = PBXBuildFile; fileRef = 6AAE3F81283FC735002917FB /* SingleFootstep.mp3 */; };
		6AAE3F84283FD42A002917FB /* TimeCounter.swift in Sources */ = {isa = PBXBuildFile; fileRef = 6AAE3F83283FD42A002917FB /* TimeCounter.swift */; };
		6AAE3F862844FBF2002917FB /* door.wav in Resources */ = {isa = PBXBuildFile; fileRef = 6AAE3F852844FBF1002917FB /* door.wav */; };
		6AAE3F882844FD5A002917FB /* doorTaverna.wav in Resources */ = {isa = PBXBuildFile; fileRef = 6AAE3F872844FD5A002917FB /* doorTaverna.wav */; };
		6AAE3F8A2844FF08002917FB /* door2.wav in Resources */ = {isa = PBXBuildFile; fileRef = 6AAE3F892844FF08002917FB /* door2.wav */; };
		6AAE3F8C28450004002917FB /* openCabinet.wav in Resources */ = {isa = PBXBuildFile; fileRef = 6AAE3F8B28450004002917FB /* openCabinet.wav */; };
		6AAE3F8E2845000D002917FB /* closeCabinet.wav in Resources */ = {isa = PBXBuildFile; fileRef = 6AAE3F8D2845000D002917FB /* closeCabinet.wav */; };
		6AAE3F90284504A4002917FB /* pancaOpenCorto.wav in Resources */ = {isa = PBXBuildFile; fileRef = 6AAE3F8F284504A4002917FB /* pancaOpenCorto.wav */; };
		6AAE3F92284504E7002917FB /* vetrina.wav in Resources */ = {isa = PBXBuildFile; fileRef = 6AAE3F91284504E7002917FB /* vetrina.wav */; };
		6AAE3F9428450A95002917FB /* SingleFootstep2.wav in Resources */ = {isa = PBXBuildFile; fileRef = 6AAE3F9328450A95002917FB /* SingleFootstep2.wav */; };
		6AAE3F9628450C89002917FB /* BushExit.wav in Resources */ = {isa = PBXBuildFile; fileRef = 6AAE3F9528450C89002917FB /* BushExit.wav */; };
		6AAE3F9828450CC6002917FB /* BushEnter.wav in Resources */ = {isa = PBXBuildFile; fileRef = 6AAE3F9728450CC5002917FB /* BushEnter.wav */; };
		6AAE3F9A284511A5002917FB /* GearSound.wav in Resources */ = {isa = PBXBuildFile; fileRef = 6AAE3F99284511A5002917FB /* GearSound.wav */; };
		6AAE3F9C28451D97002917FB /* BONK.mp3 in Resources */ = {isa = PBXBuildFile; fileRef = 6AAE3F9B28451D97002917FB /* BONK.mp3 */; };
		6AAE3F9E28452050002917FB /* swing.wav in Resources */ = {isa = PBXBuildFile; fileRef = 6AAE3F9D28452050002917FB /* swing.wav */; };
		6AAE3FA028461569002917FB /* ObjectBox.swift in Sources */ = {isa = PBXBuildFile; fileRef = 6AAE3F9F28461569002917FB /* ObjectBox.swift */; };
		6AAE3FA2284643EE002917FB /* MainMenu.swift in Sources */ = {isa = PBXBuildFile; fileRef = 6AAE3FA1284643EE002917FB /* MainMenu.swift */; };
		6AAE3FA528465029002917FB /* OldLondon.ttf in Resources */ = {isa = PBXBuildFile; fileRef = 6AAE3FA428465029002917FB /* OldLondon.ttf */; };
		6AB863E128200334006BB85E /* AppDelegate.swift in Sources */ = {isa = PBXBuildFile; fileRef = 6AB863E028200334006BB85E /* AppDelegate.swift */; };
		6AB863E328200334006BB85E /* GameScene.sks in Resources */ = {isa = PBXBuildFile; fileRef = 6AB863E228200334006BB85E /* GameScene.sks */; };
		6AB863E528200334006BB85E /* Actions.sks in Resources */ = {isa = PBXBuildFile; fileRef = 6AB863E428200334006BB85E /* Actions.sks */; };
		6AB863E728200334006BB85E /* GameScene.swift in Sources */ = {isa = PBXBuildFile; fileRef = 6AB863E628200334006BB85E /* GameScene.swift */; };
		6AB863E928200334006BB85E /* GameViewController.swift in Sources */ = {isa = PBXBuildFile; fileRef = 6AB863E828200334006BB85E /* GameViewController.swift */; };
		6AB863EC28200334006BB85E /* Main.storyboard in Resources */ = {isa = PBXBuildFile; fileRef = 6AB863EA28200334006BB85E /* Main.storyboard */; };
		6AB863EE28200335006BB85E /* Assets.xcassets in Resources */ = {isa = PBXBuildFile; fileRef = 6AB863ED28200335006BB85E /* Assets.xcassets */; };
		6AB863F128200335006BB85E /* LaunchScreen.storyboard in Resources */ = {isa = PBXBuildFile; fileRef = 6AB863EF28200335006BB85E /* LaunchScreen.storyboard */; };
		6AB863F92820254D006BB85E /* VectorFunctions.swift in Sources */ = {isa = PBXBuildFile; fileRef = 6AB863F82820254D006BB85E /* VectorFunctions.swift */; };
		6AB863FB2820258F006BB85E /* OpOverloading.swift in Sources */ = {isa = PBXBuildFile; fileRef = 6AB863FA2820258F006BB85E /* OpOverloading.swift */; };
		6AB8640028217369006BB85E /* PlayableCharacter.swift in Sources */ = {isa = PBXBuildFile; fileRef = 6AB863FF28217369006BB85E /* PlayableCharacter.swift */; };
		6AB8640228217ED5006BB85E /* PlayerMovementFunctions.swift in Sources */ = {isa = PBXBuildFile; fileRef = 6AB8640128217ED5006BB85E /* PlayerMovementFunctions.swift */; };
		6AB8640A2821845B006BB85E /* VirtualController.swift in Sources */ = {isa = PBXBuildFile; fileRef = 6AB864092821845B006BB85E /* VirtualController.swift */; };
		6AC709612823D4DD007F8A50 /* SpecificCharacterClasses.swift in Sources */ = {isa = PBXBuildFile; fileRef = 6AC709602823D4DD007F8A50 /* SpecificCharacterClasses.swift */; };
		6AC709652823D78A007F8A50 /* AbilityClass.swift in Sources */ = {isa = PBXBuildFile; fileRef = 6AC709642823D78A007F8A50 /* AbilityClass.swift */; };
		6AC7096728240B00007F8A50 /* FacingEnum.swift in Sources */ = {isa = PBXBuildFile; fileRef = 6AC7096628240B00007F8A50 /* FacingEnum.swift */; };
		6AC7096928254AB4007F8A50 /* InteractableObjectClass.swift in Sources */ = {isa = PBXBuildFile; fileRef = 6AC7096828254AB4007F8A50 /* InteractableObjectClass.swift */; };
		6AFA738C282B0BE5001B7E50 /* HideoutObject.swift in Sources */ = {isa = PBXBuildFile; fileRef = 6AFA738B282B0BE5001B7E50 /* HideoutObject.swift */; };
		6AFA738F282B0CB9001B7E50 /* ClosetClass.swift in Sources */ = {isa = PBXBuildFile; fileRef = 6AFA738E282B0CB9001B7E50 /* ClosetClass.swift */; };
		6AFCC520282EE6CB00EC1666 /* DoorClass.swift in Sources */ = {isa = PBXBuildFile; fileRef = 6AFCC51F282EE6CB00EC1666 /* DoorClass.swift */; };
		A693D354282561300055C266 /* testRoom.swift in Sources */ = {isa = PBXBuildFile; fileRef = A693D353282561300055C266 /* testRoom.swift */; };
		A693D3562826F5960055C266 /* Path.swift in Sources */ = {isa = PBXBuildFile; fileRef = A693D3552826F5960055C266 /* Path.swift */; };
		A693D35928293E470055C266 /* classRoom.swift in Sources */ = {isa = PBXBuildFile; fileRef = A693D35828293E470055C266 /* classRoom.swift */; };
		A693D35B28295AE20055C266 /* classFloor.swift in Sources */ = {isa = PBXBuildFile; fileRef = A693D35A28295AE20055C266 /* classFloor.swift */; };
		A693D35D282A9F770055C266 /* Dimension.swift in Sources */ = {isa = PBXBuildFile; fileRef = A693D35C282A9F770055C266 /* Dimension.swift */; };
/* End PBXBuildFile section */

/* Begin PBXFileReference section */
		4A00C74C28255128009DB657 /* RayCastingVisionCone.swift */ = {isa = PBXFileReference; lastKnownFileType = sourcecode.swift; path = RayCastingVisionCone.swift; sourceTree = "<group>"; };
		4A00C74E2825580D009DB657 /* TestScene3.swift */ = {isa = PBXFileReference; lastKnownFileType = sourcecode.swift; path = TestScene3.swift; sourceTree = "<group>"; };
		4A00C7502825719C009DB657 /* Swipe Functions.swift */ = {isa = PBXFileReference; lastKnownFileType = sourcecode.swift; path = "Swipe Functions.swift"; sourceTree = "<group>"; };
		4A1B448D2822B274001DABEE /* ControllerRelatedGlobalVariables.swift */ = {isa = PBXFileReference; lastKnownFileType = sourcecode.swift; path = ControllerRelatedGlobalVariables.swift; sourceTree = "<group>"; };
		4A1B44952822B809001DABEE /* TestScene2.swift */ = {isa = PBXFileReference; lastKnownFileType = sourcecode.swift; path = TestScene2.swift; sourceTree = "<group>"; };
		4A2159F9283FD60C000F237C /* GuardMatrixes.swift */ = {isa = PBXFileReference; lastKnownFileType = sourcecode.swift; path = GuardMatrixes.swift; sourceTree = "<group>"; };
		4A3A1B96284516010030BB48 /* GuardConoPiccolo.swift */ = {isa = PBXFileReference; lastKnownFileType = sourcecode.swift; path = GuardConoPiccolo.swift; sourceTree = "<group>"; };
		4ABFC91D28327D6D00213CC9 /* GuardConoGrande.swift */ = {isa = PBXFileReference; lastKnownFileType = sourcecode.swift; path = GuardConoGrande.swift; sourceTree = "<group>"; };
		63A55F4428410B1D00A067A5 /* CharacterBox.swift */ = {isa = PBXFileReference; lastKnownFileType = sourcecode.swift; path = CharacterBox.swift; sourceTree = "<group>"; };
		63B9F6AA2833DA35008E62C1 /* GearCounter.swift */ = {isa = PBXFileReference; lastKnownFileType = sourcecode.swift; path = GearCounter.swift; sourceTree = "<group>"; };
		63B9F6AD283439FE008E62C1 /* Victorian Parlor Vintage Alternate_free.ttf */ = {isa = PBXFileReference; lastKnownFileType = file; path = "Victorian Parlor Vintage Alternate_free.ttf"; sourceTree = "<group>"; };
		63B9F6AF28343B50008E62C1 /* Info.plist */ = {isa = PBXFileReference; lastKnownFileType = text.plist; path = Info.plist; sourceTree = "<group>"; };
		6A0621EF283301AF0064BB97 /* CollectibleItems.swift */ = {isa = PBXFileReference; lastKnownFileType = sourcecode.swift; path = CollectibleItems.swift; sourceTree = "<group>"; };
		6A0621F128330FC80064BB97 /* CollisionsEnum.swift */ = {isa = PBXFileReference; lastKnownFileType = sourcecode.swift; path = CollisionsEnum.swift; sourceTree = "<group>"; };
		6A2A7E982833F8E600D14EC0 /* Chest.swift */ = {isa = PBXFileReference; lastKnownFileType = sourcecode.swift; path = Chest.swift; sourceTree = "<group>"; };
		6A2A7E9B283457D600D14EC0 /* Intro.swift */ = {isa = PBXFileReference; lastKnownFileType = sourcecode.swift; path = Intro.swift; sourceTree = "<group>"; };
		6A2A7E9D28366BA900D14EC0 /* Lobby.swift */ = {isa = PBXFileReference; lastKnownFileType = sourcecode.swift; path = Lobby.swift; sourceTree = "<group>"; };
		6A6A4D3D28226FAB003A76C5 /* GuardClass.swift */ = {isa = PBXFileReference; lastKnownFileType = sourcecode.swift; path = GuardClass.swift; sourceTree = "<group>"; };
		6A6A4D402822BBEA003A76C5 /* DeltaFunctions.swift */ = {isa = PBXFileReference; lastKnownFileType = sourcecode.swift; path = DeltaFunctions.swift; sourceTree = "<group>"; };
		6AA31BDB282985A8002CCD47 /* StaticObject.swift */ = {isa = PBXFileReference; lastKnownFileType = sourcecode.swift; path = StaticObject.swift; sourceTree = "<group>"; };
		6AA31BDE28298C17002CCD47 /* Lampione.swift */ = {isa = PBXFileReference; lastKnownFileType = sourcecode.swift; path = Lampione.swift; sourceTree = "<group>"; };
		6AA31BE028298F87002CCD47 /* LightSwitch.swift */ = {isa = PBXFileReference; lastKnownFileType = sourcecode.swift; path = LightSwitch.swift; sourceTree = "<group>"; };
		6AA31BE22829911A002CCD47 /* LightProtocol.swift */ = {isa = PBXFileReference; lastKnownFileType = sourcecode.swift; path = LightProtocol.swift; sourceTree = "<group>"; };
		6AA31BE428299DE4002CCD47 /* UsableObject.swift */ = {isa = PBXFileReference; lastKnownFileType = sourcecode.swift; path = UsableObject.swift; sourceTree = "<group>"; };
		6AACAB46282BF68B00B5E89B /* Matrixes.swift */ = {isa = PBXFileReference; lastKnownFileType = sourcecode.swift; path = Matrixes.swift; sourceTree = "<group>"; };
		6AAE3F692837D907002917FB /* BushClass.swift */ = {isa = PBXFileReference; lastKnownFileType = sourcecode.swift; path = BushClass.swift; sourceTree = "<group>"; };
		6AAE3F6B2837D966002917FB /* VetrinaClass.swift */ = {isa = PBXFileReference; lastKnownFileType = sourcecode.swift; path = VetrinaClass.swift; sourceTree = "<group>"; };
		6AAE3F6D2837D9BF002917FB /* CassapancaClass.swift */ = {isa = PBXFileReference; lastKnownFileType = sourcecode.swift; path = CassapancaClass.swift; sourceTree = "<group>"; };
		6AAE3F70283A4270002917FB /* TavernaDoor.swift */ = {isa = PBXFileReference; lastKnownFileType = sourcecode.swift; path = TavernaDoor.swift; sourceTree = "<group>"; };
		6AAE3F72283A4C23002917FB /* LuceTaverna.swift */ = {isa = PBXFileReference; lastKnownFileType = sourcecode.swift; path = LuceTaverna.swift; sourceTree = "<group>"; };
		6AAE3F74283BC46C002917FB /* Museum.swift */ = {isa = PBXFileReference; lastKnownFileType = sourcecode.swift; path = Museum.swift; sourceTree = "<group>"; };
		6AAE3F76283C1D27002917FB /* NextFloorObject.swift */ = {isa = PBXFileReference; lastKnownFileType = sourcecode.swift; path = NextFloorObject.swift; sourceTree = "<group>"; };
		6AAE3F78283C231B002917FB /* TestScene4.swift */ = {isa = PBXFileReference; lastKnownFileType = sourcecode.swift; path = TestScene4.swift; sourceTree = "<group>"; };
		6AAE3F7A283D2F82002917FB /* LuceInterna.swift */ = {isa = PBXFileReference; lastKnownFileType = sourcecode.swift; path = LuceInterna.swift; sourceTree = "<group>"; };
		6AAE3F7D283FC4C7002917FB /* grassFootsteps.mp3 */ = {isa = PBXFileReference; lastKnownFileType = audio.mp3; path = grassFootsteps.mp3; sourceTree = "<group>"; };
		6AAE3F7E283FC4C7002917FB /* footsteps.mp3 */ = {isa = PBXFileReference; lastKnownFileType = audio.mp3; path = footsteps.mp3; sourceTree = "<group>"; };
		6AAE3F81283FC735002917FB /* SingleFootstep.mp3 */ = {isa = PBXFileReference; lastKnownFileType = audio.mp3; path = SingleFootstep.mp3; sourceTree = "<group>"; };
		6AAE3F83283FD42A002917FB /* TimeCounter.swift */ = {isa = PBXFileReference; lastKnownFileType = sourcecode.swift; path = TimeCounter.swift; sourceTree = "<group>"; };
		6AAE3F852844FBF1002917FB /* door.wav */ = {isa = PBXFileReference; lastKnownFileType = audio.wav; path = door.wav; sourceTree = "<group>"; };
		6AAE3F872844FD5A002917FB /* doorTaverna.wav */ = {isa = PBXFileReference; lastKnownFileType = audio.wav; path = doorTaverna.wav; sourceTree = "<group>"; };
		6AAE3F892844FF08002917FB /* door2.wav */ = {isa = PBXFileReference; lastKnownFileType = audio.wav; path = door2.wav; sourceTree = "<group>"; };
		6AAE3F8B28450004002917FB /* openCabinet.wav */ = {isa = PBXFileReference; lastKnownFileType = audio.wav; path = openCabinet.wav; sourceTree = "<group>"; };
		6AAE3F8D2845000D002917FB /* closeCabinet.wav */ = {isa = PBXFileReference; lastKnownFileType = audio.wav; path = closeCabinet.wav; sourceTree = "<group>"; };
		6AAE3F8F284504A4002917FB /* pancaOpenCorto.wav */ = {isa = PBXFileReference; lastKnownFileType = audio.wav; path = pancaOpenCorto.wav; sourceTree = "<group>"; };
		6AAE3F91284504E7002917FB /* vetrina.wav */ = {isa = PBXFileReference; lastKnownFileType = audio.wav; path = vetrina.wav; sourceTree = "<group>"; };
		6AAE3F9328450A95002917FB /* SingleFootstep2.wav */ = {isa = PBXFileReference; lastKnownFileType = audio.wav; path = SingleFootstep2.wav; sourceTree = "<group>"; };
		6AAE3F9528450C89002917FB /* BushExit.wav */ = {isa = PBXFileReference; lastKnownFileType = audio.wav; path = BushExit.wav; sourceTree = "<group>"; };
		6AAE3F9728450CC5002917FB /* BushEnter.wav */ = {isa = PBXFileReference; lastKnownFileType = audio.wav; path = BushEnter.wav; sourceTree = "<group>"; };
		6AAE3F99284511A5002917FB /* GearSound.wav */ = {isa = PBXFileReference; lastKnownFileType = audio.wav; path = GearSound.wav; sourceTree = "<group>"; };
		6AAE3F9B28451D97002917FB /* BONK.mp3 */ = {isa = PBXFileReference; lastKnownFileType = audio.mp3; path = BONK.mp3; sourceTree = "<group>"; };
		6AAE3F9D28452050002917FB /* swing.wav */ = {isa = PBXFileReference; lastKnownFileType = audio.wav; path = swing.wav; sourceTree = "<group>"; };
		6AAE3F9F28461569002917FB /* ObjectBox.swift */ = {isa = PBXFileReference; lastKnownFileType = sourcecode.swift; path = ObjectBox.swift; sourceTree = "<group>"; };
		6AAE3FA1284643EE002917FB /* MainMenu.swift */ = {isa = PBXFileReference; lastKnownFileType = sourcecode.swift; path = MainMenu.swift; sourceTree = "<group>"; };
		6AAE3FA428465029002917FB /* OldLondon.ttf */ = {isa = PBXFileReference; lastKnownFileType = file; path = OldLondon.ttf; sourceTree = "<group>"; };
		6AB863DD28200334006BB85E /* StealthPunk.app */ = {isa = PBXFileReference; explicitFileType = wrapper.application; includeInIndex = 0; path = StealthPunk.app; sourceTree = BUILT_PRODUCTS_DIR; };
		6AB863E028200334006BB85E /* AppDelegate.swift */ = {isa = PBXFileReference; lastKnownFileType = sourcecode.swift; path = AppDelegate.swift; sourceTree = "<group>"; };
		6AB863E228200334006BB85E /* GameScene.sks */ = {isa = PBXFileReference; lastKnownFileType = file.sks; path = GameScene.sks; sourceTree = "<group>"; };
		6AB863E428200334006BB85E /* Actions.sks */ = {isa = PBXFileReference; lastKnownFileType = file.sks; path = Actions.sks; sourceTree = "<group>"; };
		6AB863E628200334006BB85E /* GameScene.swift */ = {isa = PBXFileReference; lastKnownFileType = sourcecode.swift; path = GameScene.swift; sourceTree = "<group>"; };
		6AB863E828200334006BB85E /* GameViewController.swift */ = {isa = PBXFileReference; lastKnownFileType = sourcecode.swift; path = GameViewController.swift; sourceTree = "<group>"; };
		6AB863EB28200334006BB85E /* Base */ = {isa = PBXFileReference; lastKnownFileType = file.storyboard; name = Base; path = Base.lproj/Main.storyboard; sourceTree = "<group>"; };
		6AB863ED28200335006BB85E /* Assets.xcassets */ = {isa = PBXFileReference; lastKnownFileType = folder.assetcatalog; path = Assets.xcassets; sourceTree = "<group>"; };
		6AB863F028200335006BB85E /* Base */ = {isa = PBXFileReference; lastKnownFileType = file.storyboard; name = Base; path = Base.lproj/LaunchScreen.storyboard; sourceTree = "<group>"; };
		6AB863F82820254D006BB85E /* VectorFunctions.swift */ = {isa = PBXFileReference; lastKnownFileType = sourcecode.swift; path = VectorFunctions.swift; sourceTree = "<group>"; };
		6AB863FA2820258F006BB85E /* OpOverloading.swift */ = {isa = PBXFileReference; lastKnownFileType = sourcecode.swift; path = OpOverloading.swift; sourceTree = "<group>"; };
		6AB863FF28217369006BB85E /* PlayableCharacter.swift */ = {isa = PBXFileReference; lastKnownFileType = sourcecode.swift; path = PlayableCharacter.swift; sourceTree = "<group>"; };
		6AB8640128217ED5006BB85E /* PlayerMovementFunctions.swift */ = {isa = PBXFileReference; lastKnownFileType = sourcecode.swift; path = PlayerMovementFunctions.swift; sourceTree = "<group>"; };
		6AB864092821845B006BB85E /* VirtualController.swift */ = {isa = PBXFileReference; lastKnownFileType = sourcecode.swift; path = VirtualController.swift; sourceTree = "<group>"; };
		6AC709602823D4DD007F8A50 /* SpecificCharacterClasses.swift */ = {isa = PBXFileReference; lastKnownFileType = sourcecode.swift; path = SpecificCharacterClasses.swift; sourceTree = "<group>"; };
		6AC709642823D78A007F8A50 /* AbilityClass.swift */ = {isa = PBXFileReference; lastKnownFileType = sourcecode.swift; path = AbilityClass.swift; sourceTree = "<group>"; };
		6AC7096628240B00007F8A50 /* FacingEnum.swift */ = {isa = PBXFileReference; lastKnownFileType = sourcecode.swift; path = FacingEnum.swift; sourceTree = "<group>"; };
		6AC7096828254AB4007F8A50 /* InteractableObjectClass.swift */ = {isa = PBXFileReference; lastKnownFileType = sourcecode.swift; path = InteractableObjectClass.swift; sourceTree = "<group>"; };
		6AFA738B282B0BE5001B7E50 /* HideoutObject.swift */ = {isa = PBXFileReference; lastKnownFileType = sourcecode.swift; path = HideoutObject.swift; sourceTree = "<group>"; };
		6AFA738E282B0CB9001B7E50 /* ClosetClass.swift */ = {isa = PBXFileReference; lastKnownFileType = sourcecode.swift; path = ClosetClass.swift; sourceTree = "<group>"; };
		6AFCC51F282EE6CB00EC1666 /* DoorClass.swift */ = {isa = PBXFileReference; lastKnownFileType = sourcecode.swift; path = DoorClass.swift; sourceTree = "<group>"; };
		A693D353282561300055C266 /* testRoom.swift */ = {isa = PBXFileReference; lastKnownFileType = sourcecode.swift; name = testRoom.swift; path = ../../testRoom.swift; sourceTree = "<group>"; };
		A693D3552826F5960055C266 /* Path.swift */ = {isa = PBXFileReference; lastKnownFileType = sourcecode.swift; path = Path.swift; sourceTree = "<group>"; };
		A693D35828293E470055C266 /* classRoom.swift */ = {isa = PBXFileReference; lastKnownFileType = sourcecode.swift; path = classRoom.swift; sourceTree = "<group>"; };
		A693D35A28295AE20055C266 /* classFloor.swift */ = {isa = PBXFileReference; lastKnownFileType = sourcecode.swift; path = classFloor.swift; sourceTree = "<group>"; };
		A693D35C282A9F770055C266 /* Dimension.swift */ = {isa = PBXFileReference; lastKnownFileType = sourcecode.swift; path = Dimension.swift; sourceTree = "<group>"; };
/* End PBXFileReference section */

/* Begin PBXFrameworksBuildPhase section */
		6AB863DA28200333006BB85E /* Frameworks */ = {
			isa = PBXFrameworksBuildPhase;
			buildActionMask = 2147483647;
			files = (
			);
			runOnlyForDeploymentPostprocessing = 0;
		};
/* End PBXFrameworksBuildPhase section */

/* Begin PBXGroup section */
		4A1B448A2822B23B001DABEE /* Global Variables */ = {
			isa = PBXGroup;
			children = (
				4A1B448D2822B274001DABEE /* ControllerRelatedGlobalVariables.swift */,
				6AC7096628240B00007F8A50 /* FacingEnum.swift */,
				A693D35C282A9F770055C266 /* Dimension.swift */,
				6A0621F128330FC80064BB97 /* CollisionsEnum.swift */,
			);
			path = "Global Variables";
			sourceTree = "<group>";
		};
		63B9F6A92833D9F7008E62C1 /* HUD */ = {
			isa = PBXGroup;
			children = (
				63B9F6AA2833DA35008E62C1 /* GearCounter.swift */,
				63A55F4428410B1D00A067A5 /* CharacterBox.swift */,
				6AAE3F83283FD42A002917FB /* TimeCounter.swift */,
				6AAE3F9F28461569002917FB /* ObjectBox.swift */,
			);
			path = HUD;
			sourceTree = "<group>";
		};
		63B9F6AC283439A0008E62C1 /* Project Fonts */ = {
			isa = PBXGroup;
			children = (
				6AAE3FA428465029002917FB /* OldLondon.ttf */,
				63B9F6AD283439FE008E62C1 /* Victorian Parlor Vintage Alternate_free.ttf */,
			);
			path = "Project Fonts";
			sourceTree = "<group>";
		};
		6A0621EE2833019E0064BB97 /* Items */ = {
			isa = PBXGroup;
			children = (
				6A0621EF283301AF0064BB97 /* CollectibleItems.swift */,
			);
			path = Items;
			sourceTree = "<group>";
		};
		6A6A4D3F2822A37A003A76C5 /* Controlls */ = {
			isa = PBXGroup;
			children = (
				6AB8640128217ED5006BB85E /* PlayerMovementFunctions.swift */,
				6AB864092821845B006BB85E /* VirtualController.swift */,
				4A00C7502825719C009DB657 /* Swipe Functions.swift */,
			);
			path = Controlls;
			sourceTree = "<group>";
		};
		6AA31BDD28298C03002CCD47 /* Light */ = {
			isa = PBXGroup;
			children = (
				6AA31BDE28298C17002CCD47 /* Lampione.swift */,
				6AA31BE028298F87002CCD47 /* LightSwitch.swift */,
				6AA31BE22829911A002CCD47 /* LightProtocol.swift */,
				6AAE3F72283A4C23002917FB /* LuceTaverna.swift */,
				6AAE3F7A283D2F82002917FB /* LuceInterna.swift */,
			);
			path = Light;
			sourceTree = "<group>";
		};
		6AAE3F6F283A4234002917FB /* BaseObject */ = {
			isa = PBXGroup;
			children = (
				6AC7096828254AB4007F8A50 /* InteractableObjectClass.swift */,
				6AA31BDB282985A8002CCD47 /* StaticObject.swift */,
				6AA31BE428299DE4002CCD47 /* UsableObject.swift */,
				6AFA738B282B0BE5001B7E50 /* HideoutObject.swift */,
			);
			path = BaseObject;
			sourceTree = "<group>";
		};
		6AAE3F7C283FC4AC002917FB /* Sounds */ = {
			isa = PBXGroup;
			children = (
				6AAE3F872844FD5A002917FB /* doorTaverna.wav */,
				6AAE3F852844FBF1002917FB /* door.wav */,
				6AAE3F892844FF08002917FB /* door2.wav */,
				6AAE3F8F284504A4002917FB /* pancaOpenCorto.wav */,
				6AAE3F9528450C89002917FB /* BushExit.wav */,
				6AAE3F8D2845000D002917FB /* closeCabinet.wav */,
				6AAE3F91284504E7002917FB /* vetrina.wav */,
				6AAE3F9B28451D97002917FB /* BONK.mp3 */,
				6AAE3F99284511A5002917FB /* GearSound.wav */,
				6AAE3F9728450CC5002917FB /* BushEnter.wav */,
				6AAE3F9328450A95002917FB /* SingleFootstep2.wav */,
				6AAE3F9D28452050002917FB /* swing.wav */,
				6AAE3F81283FC735002917FB /* SingleFootstep.mp3 */,
				6AAE3F7E283FC4C7002917FB /* footsteps.mp3 */,
				6AAE3F8B28450004002917FB /* openCabinet.wav */,
				6AAE3F7D283FC4C7002917FB /* grassFootsteps.mp3 */,
			);
			path = Sounds;
			sourceTree = "<group>";
		};
		6AB863D428200333006BB85E = {
			isa = PBXGroup;
			children = (
				6AB863DF28200334006BB85E /* StealthProject */,
				6AB863DE28200334006BB85E /* Products */,
			);
			sourceTree = "<group>";
		};
		6AB863DE28200334006BB85E /* Products */ = {
			isa = PBXGroup;
			children = (
				6AB863DD28200334006BB85E /* StealthPunk.app */,
			);
			name = Products;
			sourceTree = "<group>";
		};
		6AB863DF28200334006BB85E /* StealthProject */ = {
			isa = PBXGroup;
			children = (
				6AAE3F7C283FC4AC002917FB /* Sounds */,
				63B9F6AF28343B50008E62C1 /* Info.plist */,
				63B9F6AC283439A0008E62C1 /* Project Fonts */,
				63B9F6A92833D9F7008E62C1 /* HUD */,
				6A0621EE2833019E0064BB97 /* Items */,
				6AC709632823D77C007F8A50 /* Objects */,
				6AC709622823D776007F8A50 /* Abilities */,
				6A6A4D3F2822A37A003A76C5 /* Controlls */,
				6AB8640428217F64006BB85E /* Scenes */,
				6AB8640328217F56006BB85E /* Guards */,
				6AB863FE2821735F006BB85E /* Characters */,
				6AB863F72820252E006BB85E /* Useful Functions */,
				4A1B448A2822B23B001DABEE /* Global Variables */,
				6AB863E028200334006BB85E /* AppDelegate.swift */,
				6AB863E228200334006BB85E /* GameScene.sks */,
				6AB863E428200334006BB85E /* Actions.sks */,
				6AB863E828200334006BB85E /* GameViewController.swift */,
				6AB863EA28200334006BB85E /* Main.storyboard */,
				6AB863ED28200335006BB85E /* Assets.xcassets */,
				6AB863EF28200335006BB85E /* LaunchScreen.storyboard */,
				A693D35228255F9E0055C266 /* Rooms */,
				A693D3572826F59C0055C266 /* path */,
				6AAE3F74283BC46C002917FB /* Museum.swift */,
			);
			path = StealthProject;
			sourceTree = "<group>";
		};
		6AB863F72820252E006BB85E /* Useful Functions */ = {
			isa = PBXGroup;
			children = (
				6AB863F82820254D006BB85E /* VectorFunctions.swift */,
				6AB863FA2820258F006BB85E /* OpOverloading.swift */,
				6A6A4D402822BBEA003A76C5 /* DeltaFunctions.swift */,
			);
			path = "Useful Functions";
			sourceTree = "<group>";
		};
		6AB863FE2821735F006BB85E /* Characters */ = {
			isa = PBXGroup;
			children = (
				6AB863FF28217369006BB85E /* PlayableCharacter.swift */,
				6AC709602823D4DD007F8A50 /* SpecificCharacterClasses.swift */,
			);
			path = Characters;
			sourceTree = "<group>";
		};
		6AB8640328217F56006BB85E /* Guards */ = {
			isa = PBXGroup;
			children = (
				6A6A4D3D28226FAB003A76C5 /* GuardClass.swift */,
				4ABFC91D28327D6D00213CC9 /* GuardConoGrande.swift */,
				4A3A1B96284516010030BB48 /* GuardConoPiccolo.swift */,
				4A00C74C28255128009DB657 /* RayCastingVisionCone.swift */,
			);
			path = Guards;
			sourceTree = "<group>";
		};
		6AB8640428217F64006BB85E /* Scenes */ = {
			isa = PBXGroup;
			children = (
				6AB863E628200334006BB85E /* GameScene.swift */,
				4A1B44952822B809001DABEE /* TestScene2.swift */,
				4A00C74E2825580D009DB657 /* TestScene3.swift */,
				6A2A7E9B283457D600D14EC0 /* Intro.swift */,
				6A2A7E9D28366BA900D14EC0 /* Lobby.swift */,
				6AAE3F78283C231B002917FB /* TestScene4.swift */,
				6AAE3FA1284643EE002917FB /* MainMenu.swift */,
			);
			path = Scenes;
			sourceTree = "<group>";
		};
		6AC709622823D776007F8A50 /* Abilities */ = {
			isa = PBXGroup;
			children = (
				6AC709642823D78A007F8A50 /* AbilityClass.swift */,
			);
			path = Abilities;
			sourceTree = "<group>";
		};
		6AC709632823D77C007F8A50 /* Objects */ = {
			isa = PBXGroup;
			children = (
				6AAE3F6F283A4234002917FB /* BaseObject */,
				6AFA738D282B0CA3001B7E50 /* Hideouts */,
				6AA31BDD28298C03002CCD47 /* Light */,
				6A2A7E982833F8E600D14EC0 /* Chest.swift */,
				6AAE3F70283A4270002917FB /* TavernaDoor.swift */,
				6AAE3F76283C1D27002917FB /* NextFloorObject.swift */,
			);
			path = Objects;
			sourceTree = "<group>";
		};
		6AFA738D282B0CA3001B7E50 /* Hideouts */ = {
			isa = PBXGroup;
			children = (
				6AFA738E282B0CB9001B7E50 /* ClosetClass.swift */,
				6AAE3F692837D907002917FB /* BushClass.swift */,
				6AAE3F6B2837D966002917FB /* VetrinaClass.swift */,
				6AAE3F6D2837D9BF002917FB /* CassapancaClass.swift */,
			);
			path = Hideouts;
			sourceTree = "<group>";
		};
		A693D35228255F9E0055C266 /* Rooms */ = {
			isa = PBXGroup;
			children = (
				A693D353282561300055C266 /* testRoom.swift */,
				A693D35828293E470055C266 /* classRoom.swift */,
				A693D35A28295AE20055C266 /* classFloor.swift */,
				6AACAB46282BF68B00B5E89B /* Matrixes.swift */,
				4A2159F9283FD60C000F237C /* GuardMatrixes.swift */,
				6AFCC51F282EE6CB00EC1666 /* DoorClass.swift */,
			);
			path = Rooms;
			sourceTree = "<group>";
		};
		A693D3572826F59C0055C266 /* path */ = {
			isa = PBXGroup;
			children = (
				A693D3552826F5960055C266 /* Path.swift */,
			);
			name = path;
			sourceTree = "<group>";
		};
/* End PBXGroup section */

/* Begin PBXNativeTarget section */
		6AB863DC28200333006BB85E /* StealthProject */ = {
			isa = PBXNativeTarget;
			buildConfigurationList = 6AB863F428200335006BB85E /* Build configuration list for PBXNativeTarget "StealthProject" */;
			buildPhases = (
				6AB863D928200333006BB85E /* Sources */,
				6AB863DA28200333006BB85E /* Frameworks */,
				6AB863DB28200333006BB85E /* Resources */,
			);
			buildRules = (
			);
			dependencies = (
			);
			name = StealthProject;
			productName = StealthProject;
			productReference = 6AB863DD28200334006BB85E /* StealthPunk.app */;
			productType = "com.apple.product-type.application";
		};
/* End PBXNativeTarget section */

/* Begin PBXProject section */
		6AB863D528200333006BB85E /* Project object */ = {
			isa = PBXProject;
			attributes = {
				BuildIndependentTargetsInParallel = 1;
				LastSwiftUpdateCheck = 1330;
				LastUpgradeCheck = 1330;
				TargetAttributes = {
					6AB863DC28200333006BB85E = {
						CreatedOnToolsVersion = 13.3.1;
					};
				};
			};
			buildConfigurationList = 6AB863D828200333006BB85E /* Build configuration list for PBXProject "StealthProject" */;
			compatibilityVersion = "Xcode 13.0";
			developmentRegion = en;
			hasScannedForEncodings = 0;
			knownRegions = (
				en,
				Base,
			);
			mainGroup = 6AB863D428200333006BB85E;
			productRefGroup = 6AB863DE28200334006BB85E /* Products */;
			projectDirPath = "";
			projectRoot = "";
			targets = (
				6AB863DC28200333006BB85E /* StealthProject */,
			);
		};
/* End PBXProject section */

/* Begin PBXResourcesBuildPhase section */
		6AB863DB28200333006BB85E /* Resources */ = {
			isa = PBXResourcesBuildPhase;
			buildActionMask = 2147483647;
			files = (
				6AAE3F9828450CC6002917FB /* BushEnter.wav in Resources */,
				6AAE3F92284504E7002917FB /* vetrina.wav in Resources */,
				6AAE3F862844FBF2002917FB /* door.wav in Resources */,
				6AB863EC28200334006BB85E /* Main.storyboard in Resources */,
				6AAE3F8E2845000D002917FB /* closeCabinet.wav in Resources */,
				6AB863E328200334006BB85E /* GameScene.sks in Resources */,
				6AAE3F80283FC4C7002917FB /* footsteps.mp3 in Resources */,
				6AB863EE28200335006BB85E /* Assets.xcassets in Resources */,
				6AAE3F82283FC736002917FB /* SingleFootstep.mp3 in Resources */,
				6AAE3F9A284511A5002917FB /* GearSound.wav in Resources */,
				6AB863F128200335006BB85E /* LaunchScreen.storyboard in Resources */,
				6AAE3F8A2844FF08002917FB /* door2.wav in Resources */,
				6AB863E528200334006BB85E /* Actions.sks in Resources */,
				6AAE3F8C28450004002917FB /* openCabinet.wav in Resources */,
				6AAE3F7F283FC4C7002917FB /* grassFootsteps.mp3 in Resources */,
				6AAE3FA528465029002917FB /* OldLondon.ttf in Resources */,
				6AAE3F9C28451D97002917FB /* BONK.mp3 in Resources */,
				63B9F6AE283439FE008E62C1 /* Victorian Parlor Vintage Alternate_free.ttf in Resources */,
				6AAE3F882844FD5A002917FB /* doorTaverna.wav in Resources */,
				6AAE3F9428450A95002917FB /* SingleFootstep2.wav in Resources */,
				6AAE3F9E28452050002917FB /* swing.wav in Resources */,
				6AAE3F9628450C89002917FB /* BushExit.wav in Resources */,
				6AAE3F90284504A4002917FB /* pancaOpenCorto.wav in Resources */,
			);
			runOnlyForDeploymentPostprocessing = 0;
		};
/* End PBXResourcesBuildPhase section */

/* Begin PBXSourcesBuildPhase section */
		6AB863D928200333006BB85E /* Sources */ = {
			isa = PBXSourcesBuildPhase;
			buildActionMask = 2147483647;
			files = (
				6AAE3FA2284643EE002917FB /* MainMenu.swift in Sources */,
				6AB863FB2820258F006BB85E /* OpOverloading.swift in Sources */,
				6AAE3F71283A4270002917FB /* TavernaDoor.swift in Sources */,
				6AA31BDF28298C17002CCD47 /* Lampione.swift in Sources */,
				6AB863E728200334006BB85E /* GameScene.swift in Sources */,
				6AA31BE32829911A002CCD47 /* LightProtocol.swift in Sources */,
				4A00C74F2825580D009DB657 /* TestScene3.swift in Sources */,
				6A2A7E9C283457D600D14EC0 /* Intro.swift in Sources */,
				4A3A1B97284516010030BB48 /* GuardConoPiccolo.swift in Sources */,
				6A2A7E9E28366BA900D14EC0 /* Lobby.swift in Sources */,
				6AAE3F6A2837D907002917FB /* BushClass.swift in Sources */,
				6A0621F0283301AF0064BB97 /* CollectibleItems.swift in Sources */,
				6A6A4D412822BBEA003A76C5 /* DeltaFunctions.swift in Sources */,
				6AC7096928254AB4007F8A50 /* InteractableObjectClass.swift in Sources */,
				6AC709652823D78A007F8A50 /* AbilityClass.swift in Sources */,
				6AA31BE528299DE4002CCD47 /* UsableObject.swift in Sources */,
				4A2159FA283FD60C000F237C /* GuardMatrixes.swift in Sources */,
				6AB8640228217ED5006BB85E /* PlayerMovementFunctions.swift in Sources */,
				A693D35B28295AE20055C266 /* classFloor.swift in Sources */,
				A693D35928293E470055C266 /* classRoom.swift in Sources */,
				4A00C74D28255128009DB657 /* RayCastingVisionCone.swift in Sources */,
				6AB863F92820254D006BB85E /* VectorFunctions.swift in Sources */,
				6A2A7E992833F8E600D14EC0 /* Chest.swift in Sources */,
				63B9F6AB2833DA35008E62C1 /* GearCounter.swift in Sources */,
				6AAE3F77283C1D27002917FB /* NextFloorObject.swift in Sources */,
				6AAE3F73283A4C23002917FB /* LuceTaverna.swift in Sources */,
				4A1B448E2822B274001DABEE /* ControllerRelatedGlobalVariables.swift in Sources */,
				6AB8640028217369006BB85E /* PlayableCharacter.swift in Sources */,
				6AB8640A2821845B006BB85E /* VirtualController.swift in Sources */,
				A693D354282561300055C266 /* testRoom.swift in Sources */,
				6A0621F228330FC80064BB97 /* CollisionsEnum.swift in Sources */,
				6AAE3FA028461569002917FB /* ObjectBox.swift in Sources */,
				6AC709612823D4DD007F8A50 /* SpecificCharacterClasses.swift in Sources */,
				6AAE3F79283C231B002917FB /* TestScene4.swift in Sources */,
				6AC7096728240B00007F8A50 /* FacingEnum.swift in Sources */,
				6AAE3F75283BC46C002917FB /* Museum.swift in Sources */,
				4A1B44962822B809001DABEE /* TestScene2.swift in Sources */,
				6AFA738C282B0BE5001B7E50 /* HideoutObject.swift in Sources */,
				6AACAB47282BF68B00B5E89B /* Matrixes.swift in Sources */,
				6A6A4D3E28226FAB003A76C5 /* GuardClass.swift in Sources */,
				6AFA738F282B0CB9001B7E50 /* ClosetClass.swift in Sources */,
				6AAE3F7B283D2F83002917FB /* LuceInterna.swift in Sources */,
				A693D35D282A9F770055C266 /* Dimension.swift in Sources */,
				6AFCC520282EE6CB00EC1666 /* DoorClass.swift in Sources */,
				4A00C7512825719C009DB657 /* Swipe Functions.swift in Sources */,
				6AA31BDC282985A8002CCD47 /* StaticObject.swift in Sources */,
				63A55F4528410B1D00A067A5 /* CharacterBox.swift in Sources */,
				6AB863E928200334006BB85E /* GameViewController.swift in Sources */,
				6AAE3F84283FD42A002917FB /* TimeCounter.swift in Sources */,
				6AAE3F6E2837D9BF002917FB /* CassapancaClass.swift in Sources */,
				6AAE3F6C2837D966002917FB /* VetrinaClass.swift in Sources */,
				A693D3562826F5960055C266 /* Path.swift in Sources */,
				4ABFC91E28327D6D00213CC9 /* GuardConoGrande.swift in Sources */,
				6AA31BE128298F87002CCD47 /* LightSwitch.swift in Sources */,
				6AB863E128200334006BB85E /* AppDelegate.swift in Sources */,
			);
			runOnlyForDeploymentPostprocessing = 0;
		};
/* End PBXSourcesBuildPhase section */

/* Begin PBXVariantGroup section */
		6AB863EA28200334006BB85E /* Main.storyboard */ = {
			isa = PBXVariantGroup;
			children = (
				6AB863EB28200334006BB85E /* Base */,
			);
			name = Main.storyboard;
			sourceTree = "<group>";
		};
		6AB863EF28200335006BB85E /* LaunchScreen.storyboard */ = {
			isa = PBXVariantGroup;
			children = (
				6AB863F028200335006BB85E /* Base */,
			);
			name = LaunchScreen.storyboard;
			sourceTree = "<group>";
		};
/* End PBXVariantGroup section */

/* Begin XCBuildConfiguration section */
		6AB863F228200335006BB85E /* Debug */ = {
			isa = XCBuildConfiguration;
			buildSettings = {
				ALWAYS_SEARCH_USER_PATHS = NO;
				CLANG_ANALYZER_NONNULL = YES;
				CLANG_ANALYZER_NUMBER_OBJECT_CONVERSION = YES_AGGRESSIVE;
				CLANG_CXX_LANGUAGE_STANDARD = "gnu++17";
				CLANG_ENABLE_MODULES = YES;
				CLANG_ENABLE_OBJC_ARC = YES;
				CLANG_ENABLE_OBJC_WEAK = YES;
				CLANG_WARN_BLOCK_CAPTURE_AUTORELEASING = YES;
				CLANG_WARN_BOOL_CONVERSION = YES;
				CLANG_WARN_COMMA = YES;
				CLANG_WARN_CONSTANT_CONVERSION = YES;
				CLANG_WARN_DEPRECATED_OBJC_IMPLEMENTATIONS = YES;
				CLANG_WARN_DIRECT_OBJC_ISA_USAGE = YES_ERROR;
				CLANG_WARN_DOCUMENTATION_COMMENTS = YES;
				CLANG_WARN_EMPTY_BODY = YES;
				CLANG_WARN_ENUM_CONVERSION = YES;
				CLANG_WARN_INFINITE_RECURSION = YES;
				CLANG_WARN_INT_CONVERSION = YES;
				CLANG_WARN_NON_LITERAL_NULL_CONVERSION = YES;
				CLANG_WARN_OBJC_IMPLICIT_RETAIN_SELF = YES;
				CLANG_WARN_OBJC_LITERAL_CONVERSION = YES;
				CLANG_WARN_OBJC_ROOT_CLASS = YES_ERROR;
				CLANG_WARN_QUOTED_INCLUDE_IN_FRAMEWORK_HEADER = YES;
				CLANG_WARN_RANGE_LOOP_ANALYSIS = YES;
				CLANG_WARN_STRICT_PROTOTYPES = YES;
				CLANG_WARN_SUSPICIOUS_MOVE = YES;
				CLANG_WARN_UNGUARDED_AVAILABILITY = YES_AGGRESSIVE;
				CLANG_WARN_UNREACHABLE_CODE = YES;
				CLANG_WARN__DUPLICATE_METHOD_MATCH = YES;
				COPY_PHASE_STRIP = NO;
				DEBUG_INFORMATION_FORMAT = dwarf;
				ENABLE_STRICT_OBJC_MSGSEND = YES;
				ENABLE_TESTABILITY = YES;
				GCC_C_LANGUAGE_STANDARD = gnu11;
				GCC_DYNAMIC_NO_PIC = NO;
				GCC_NO_COMMON_BLOCKS = YES;
				GCC_OPTIMIZATION_LEVEL = 0;
				GCC_PREPROCESSOR_DEFINITIONS = (
					"DEBUG=1",
					"$(inherited)",
				);
				GCC_WARN_64_TO_32_BIT_CONVERSION = YES;
				GCC_WARN_ABOUT_RETURN_TYPE = YES_ERROR;
				GCC_WARN_UNDECLARED_SELECTOR = YES;
				GCC_WARN_UNINITIALIZED_AUTOS = YES_AGGRESSIVE;
				GCC_WARN_UNUSED_FUNCTION = YES;
				GCC_WARN_UNUSED_VARIABLE = YES;
				IPHONEOS_DEPLOYMENT_TARGET = 15.4;
				MTL_ENABLE_DEBUG_INFO = INCLUDE_SOURCE;
				MTL_FAST_MATH = YES;
				ONLY_ACTIVE_ARCH = YES;
				SDKROOT = iphoneos;
				SWIFT_ACTIVE_COMPILATION_CONDITIONS = DEBUG;
				SWIFT_OPTIMIZATION_LEVEL = "-Onone";
			};
			name = Debug;
		};
		6AB863F328200335006BB85E /* Release */ = {
			isa = XCBuildConfiguration;
			buildSettings = {
				ALWAYS_SEARCH_USER_PATHS = NO;
				CLANG_ANALYZER_NONNULL = YES;
				CLANG_ANALYZER_NUMBER_OBJECT_CONVERSION = YES_AGGRESSIVE;
				CLANG_CXX_LANGUAGE_STANDARD = "gnu++17";
				CLANG_ENABLE_MODULES = YES;
				CLANG_ENABLE_OBJC_ARC = YES;
				CLANG_ENABLE_OBJC_WEAK = YES;
				CLANG_WARN_BLOCK_CAPTURE_AUTORELEASING = YES;
				CLANG_WARN_BOOL_CONVERSION = YES;
				CLANG_WARN_COMMA = YES;
				CLANG_WARN_CONSTANT_CONVERSION = YES;
				CLANG_WARN_DEPRECATED_OBJC_IMPLEMENTATIONS = YES;
				CLANG_WARN_DIRECT_OBJC_ISA_USAGE = YES_ERROR;
				CLANG_WARN_DOCUMENTATION_COMMENTS = YES;
				CLANG_WARN_EMPTY_BODY = YES;
				CLANG_WARN_ENUM_CONVERSION = YES;
				CLANG_WARN_INFINITE_RECURSION = YES;
				CLANG_WARN_INT_CONVERSION = YES;
				CLANG_WARN_NON_LITERAL_NULL_CONVERSION = YES;
				CLANG_WARN_OBJC_IMPLICIT_RETAIN_SELF = YES;
				CLANG_WARN_OBJC_LITERAL_CONVERSION = YES;
				CLANG_WARN_OBJC_ROOT_CLASS = YES_ERROR;
				CLANG_WARN_QUOTED_INCLUDE_IN_FRAMEWORK_HEADER = YES;
				CLANG_WARN_RANGE_LOOP_ANALYSIS = YES;
				CLANG_WARN_STRICT_PROTOTYPES = YES;
				CLANG_WARN_SUSPICIOUS_MOVE = YES;
				CLANG_WARN_UNGUARDED_AVAILABILITY = YES_AGGRESSIVE;
				CLANG_WARN_UNREACHABLE_CODE = YES;
				CLANG_WARN__DUPLICATE_METHOD_MATCH = YES;
				COPY_PHASE_STRIP = NO;
				DEBUG_INFORMATION_FORMAT = "dwarf-with-dsym";
				ENABLE_NS_ASSERTIONS = NO;
				ENABLE_STRICT_OBJC_MSGSEND = YES;
				GCC_C_LANGUAGE_STANDARD = gnu11;
				GCC_NO_COMMON_BLOCKS = YES;
				GCC_WARN_64_TO_32_BIT_CONVERSION = YES;
				GCC_WARN_ABOUT_RETURN_TYPE = YES_ERROR;
				GCC_WARN_UNDECLARED_SELECTOR = YES;
				GCC_WARN_UNINITIALIZED_AUTOS = YES_AGGRESSIVE;
				GCC_WARN_UNUSED_FUNCTION = YES;
				GCC_WARN_UNUSED_VARIABLE = YES;
				IPHONEOS_DEPLOYMENT_TARGET = 15.4;
				MTL_ENABLE_DEBUG_INFO = NO;
				MTL_FAST_MATH = YES;
				SDKROOT = iphoneos;
				SWIFT_COMPILATION_MODE = wholemodule;
				SWIFT_OPTIMIZATION_LEVEL = "-O";
				VALIDATE_PRODUCT = YES;
			};
			name = Release;
		};
		6AB863F528200335006BB85E /* Debug */ = {
			isa = XCBuildConfiguration;
			buildSettings = {
				ASSETCATALOG_COMPILER_APPICON_NAME = AppIcon;
				ASSETCATALOG_COMPILER_GLOBAL_ACCENT_COLOR_NAME = AccentColor;
				CODE_SIGN_STYLE = Automatic;
				CURRENT_PROJECT_VERSION = 3;
				DEVELOPMENT_TEAM = 42N2Q96746;
				GENERATE_INFOPLIST_FILE = YES;
				INFOPLIST_FILE = StealthProject/Info.plist;
				INFOPLIST_KEY_UIApplicationSupportsIndirectInputEvents = YES;
				INFOPLIST_KEY_UILaunchStoryboardName = LaunchScreen;
				INFOPLIST_KEY_UIMainStoryboardFile = Main;
				INFOPLIST_KEY_UIStatusBarHidden = YES;
				INFOPLIST_KEY_UISupportedInterfaceOrientations = UIInterfaceOrientationLandscapeLeft;
				INFOPLIST_KEY_UISupportedInterfaceOrientations_iPad = "UIInterfaceOrientationPortrait UIInterfaceOrientationPortraitUpsideDown UIInterfaceOrientationLandscapeLeft UIInterfaceOrientationLandscapeRight";
				INFOPLIST_KEY_UISupportedInterfaceOrientations_iPhone = UIInterfaceOrientationLandscapeLeft;
				IPHONEOS_DEPLOYMENT_TARGET = 15.0;
				LD_RUNPATH_SEARCH_PATHS = (
					"$(inherited)",
					"@executable_path/Frameworks",
				);
				MARKETING_VERSION = 0.1;
				PRODUCT_BUNDLE_IDENTIFIER = Goosezilla.StealthProject;
				PRODUCT_NAME = StealthPunk;
				SWIFT_EMIT_LOC_STRINGS = YES;
				SWIFT_VERSION = 5.0;
				TARGETED_DEVICE_FAMILY = 1;
			};
			name = Debug;
		};
		6AB863F628200335006BB85E /* Release */ = {
			isa = XCBuildConfiguration;
			buildSettings = {
				ASSETCATALOG_COMPILER_APPICON_NAME = AppIcon;
				ASSETCATALOG_COMPILER_GLOBAL_ACCENT_COLOR_NAME = AccentColor;
				CODE_SIGN_STYLE = Automatic;
				CURRENT_PROJECT_VERSION = 3;
				DEVELOPMENT_TEAM = 42N2Q96746;
				GENERATE_INFOPLIST_FILE = YES;
				INFOPLIST_FILE = StealthProject/Info.plist;
				INFOPLIST_KEY_UIApplicationSupportsIndirectInputEvents = YES;
				INFOPLIST_KEY_UILaunchStoryboardName = LaunchScreen;
				INFOPLIST_KEY_UIMainStoryboardFile = Main;
				INFOPLIST_KEY_UIStatusBarHidden = YES;
				INFOPLIST_KEY_UISupportedInterfaceOrientations = UIInterfaceOrientationLandscapeLeft;
				INFOPLIST_KEY_UISupportedInterfaceOrientations_iPad = "UIInterfaceOrientationPortrait UIInterfaceOrientationPortraitUpsideDown UIInterfaceOrientationLandscapeLeft UIInterfaceOrientationLandscapeRight";
				INFOPLIST_KEY_UISupportedInterfaceOrientations_iPhone = UIInterfaceOrientationLandscapeLeft;
				IPHONEOS_DEPLOYMENT_TARGET = 15.0;
				LD_RUNPATH_SEARCH_PATHS = (
					"$(inherited)",
					"@executable_path/Frameworks",
				);
				MARKETING_VERSION = 0.1;
				PRODUCT_BUNDLE_IDENTIFIER = Goosezilla.StealthProject;
				PRODUCT_NAME = StealthPunk;
				SWIFT_EMIT_LOC_STRINGS = YES;
				SWIFT_VERSION = 5.0;
				TARGETED_DEVICE_FAMILY = 1;
			};
			name = Release;
		};
/* End XCBuildConfiguration section */

/* Begin XCConfigurationList section */
		6AB863D828200333006BB85E /* Build configuration list for PBXProject "StealthProject" */ = {
			isa = XCConfigurationList;
			buildConfigurations = (
				6AB863F228200335006BB85E /* Debug */,
				6AB863F328200335006BB85E /* Release */,
			);
			defaultConfigurationIsVisible = 0;
			defaultConfigurationName = Release;
		};
		6AB863F428200335006BB85E /* Build configuration list for PBXNativeTarget "StealthProject" */ = {
			isa = XCConfigurationList;
			buildConfigurations = (
				6AB863F528200335006BB85E /* Debug */,
				6AB863F628200335006BB85E /* Release */,
			);
			defaultConfigurationIsVisible = 0;
			defaultConfigurationName = Release;
		};
/* End XCConfigurationList section */
	};
	rootObject = 6AB863D528200333006BB85E /* Project object */;
}
